
Microsoft Visual Studio Solution File, Format Version 12.00
# Visual Studio Version 17
VisualStudioVersion = 17.9.34607.119
MinimumVisualStudioVersion = 10.0.40219.1
Project("{9A19103F-16F7-4668-BE54-9A1E7A4F7556}") = "DAOs", "DAOs\DAOs.csproj", "{84FE3DF2-2926-488C-96BE-C12BBD527735}"
EndProject
Project("{9A19103F-16F7-4668-BE54-9A1E7A4F7556}") = "Repositories", "Repositories\Repositories.csproj", "{6CD511B8-D515-49C2-B806-67FF8A597758}"
EndProject
Project("{9A19103F-16F7-4668-BE54-9A1E7A4F7556}") = "Entities", "Entities\Entities.csproj", "{F57033C1-AA9E-4B2F-8E0D-88FD4CB41323}"
EndProject
Project("{9A19103F-16F7-4668-BE54-9A1E7A4F7556}") = "CatCoffee", "CatCoffee\CatCoffee.csproj", "{6FF91546-CD4F-49C2-B8B0-C61552AADFCD}"
EndProject
Global
	GlobalSection(SolutionConfigurationPlatforms) = preSolution
		Debug|Any CPU = Debug|Any CPU
		Release|Any CPU = Release|Any CPU
	EndGlobalSection
	GlobalSection(ProjectConfigurationPlatforms) = postSolution
		{84FE3DF2-2926-488C-96BE-C12BBD527735}.Debug|Any CPU.ActiveCfg = Debug|Any CPU
		{84FE3DF2-2926-488C-96BE-C12BBD527735}.Debug|Any CPU.Build.0 = Debug|Any CPU
		{84FE3DF2-2926-488C-96BE-C12BBD527735}.Release|Any CPU.ActiveCfg = Release|Any CPU
		{84FE3DF2-2926-488C-96BE-C12BBD527735}.Release|Any CPU.Build.0 = Release|Any CPU
		{6CD511B8-D515-49C2-B806-67FF8A597758}.Debug|Any CPU.ActiveCfg = Debug|Any CPU
		{6CD511B8-D515-49C2-B806-67FF8A597758}.Debug|Any CPU.Build.0 = Debug|Any CPU
		{6CD511B8-D515-49C2-B806-67FF8A597758}.Release|Any CPU.ActiveCfg = Release|Any CPU
		{6CD511B8-D515-49C2-B806-67FF8A597758}.Release|Any CPU.Build.0 = Release|Any CPU
		{F57033C1-AA9E-4B2F-8E0D-88FD4CB41323}.Debug|Any CPU.ActiveCfg = Debug|Any CPU
		{F57033C1-AA9E-4B2F-8E0D-88FD4CB41323}.Debug|Any CPU.Build.0 = Debug|Any CPU
		{F57033C1-AA9E-4B2F-8E0D-88FD4CB41323}.Release|Any CPU.ActiveCfg = Release|Any CPU
		{F57033C1-AA9E-4B2F-8E0D-88FD4CB41323}.Release|Any CPU.Build.0 = Release|Any CPU
		{6FF91546-CD4F-49C2-B8B0-C61552AADFCD}.Debug|Any CPU.ActiveCfg = Debug|Any CPU
		{6FF91546-CD4F-49C2-B8B0-C61552AADFCD}.Debug|Any CPU.Build.0 = Debug|Any CPU
		{6FF91546-CD4F-49C2-B8B0-C61552AADFCD}.Release|Any CPU.ActiveCfg = Release|Any CPU
		{6FF91546-CD4F-49C2-B8B0-C61552AADFCD}.Release|Any CPU.Build.0 = Release|Any CPU
	EndGlobalSection
	GlobalSection(SolutionProperties) = preSolution
		HideSolutionNode = FALSE
	EndGlobalSection
	GlobalSection(ExtensibilityGlobals) = postSolution
		SolutionGuid = {5D2A2377-544C-4D00-8B52-5B89F7854F47}
	EndGlobalSection
EndGlobal
